
Microsoft Visual Studio Solution File, Format Version 12.00
# Visual Studio Version 17
VisualStudioVersion = 17.9.34622.214
MinimumVisualStudioVersion = 10.0.40219.1
Project("{9A19103F-16F7-4668-BE54-9A1E7A4F7556}") = "RMeeting.Storage", "RMeeting.Storage\RMeeting.Storage.csproj", "{1D19B489-5C68-46E4-832B-F56FF76AD681}"
EndProject
Project("{9A19103F-16F7-4668-BE54-9A1E7A4F7556}") = "RMeeting.Api", "RMeeting.Api\RMeeting.Api.csproj", "{B8E2BF9B-2430-4DA3-8567-C88AE4BA4097}"
EndProject
Project("{9A19103F-16F7-4668-BE54-9A1E7A4F7556}") = "RMeeting.Storage.DependencyInjection", "RMeeting.Storage.DependencyInjection\RMeeting.Storage.DependencyInjection.csproj", "{72BA53A0-6053-4EEF-9402-DD6B2026D8EF}"
EndProject
Project("{9A19103F-16F7-4668-BE54-9A1E7A4F7556}") = "RMeeting.Test", "RMeeting.Test\RMeeting.Test.csproj", "{3E1CA159-2624-4ECF-A27A-55E88A9F281F}"
EndProject
Project("{9A19103F-16F7-4668-BE54-9A1E7A4F7556}") = "RMeeting.Domain", "RMeeting.Domain\RMeeting.Domain.csproj", "{F9F4FBA2-304F-471E-81F2-63B7029CDEA2}"
EndProject
Project("{9A19103F-16F7-4668-BE54-9A1E7A4F7556}") = "RMeeting.Domain.DependencyInjection", "RMeeting.Domain.DependencyInjection\RMeeting.Domain.DependencyInjection.csproj", "{EB91EFE9-9695-431A-92E2-EA4C8159DF77}"
EndProject
Project("{2150E333-8FDC-42A3-9474-1A3956D46DE8}") = "solution-items", "solution-items", "{EB08D89B-A56E-4B02-B679-69CE4162B86E}"
	ProjectSection(SolutionItems) = preProject
		.gitignore = .gitignore
		Directory.Build.props = Directory.Build.props
	EndProjectSection
EndProject
Global
	GlobalSection(SolutionConfigurationPlatforms) = preSolution
		Debug|Any CPU = Debug|Any CPU
		Release|Any CPU = Release|Any CPU
	EndGlobalSection
	GlobalSection(ProjectConfigurationPlatforms) = postSolution
		{1D19B489-5C68-46E4-832B-F56FF76AD681}.Debug|Any CPU.ActiveCfg = Debug|Any CPU
		{1D19B489-5C68-46E4-832B-F56FF76AD681}.Debug|Any CPU.Build.0 = Debug|Any CPU
		{1D19B489-5C68-46E4-832B-F56FF76AD681}.Release|Any CPU.ActiveCfg = Release|Any CPU
		{1D19B489-5C68-46E4-832B-F56FF76AD681}.Release|Any CPU.Build.0 = Release|Any CPU
		{B8E2BF9B-2430-4DA3-8567-C88AE4BA4097}.Debug|Any CPU.ActiveCfg = Debug|Any CPU
		{B8E2BF9B-2430-4DA3-8567-C88AE4BA4097}.Debug|Any CPU.Build.0 = Debug|Any CPU
		{B8E2BF9B-2430-4DA3-8567-C88AE4BA4097}.Release|Any CPU.ActiveCfg = Release|Any CPU
		{B8E2BF9B-2430-4DA3-8567-C88AE4BA4097}.Release|Any CPU.Build.0 = Release|Any CPU
		{72BA53A0-6053-4EEF-9402-DD6B2026D8EF}.Debug|Any CPU.ActiveCfg = Debug|Any CPU
		{72BA53A0-6053-4EEF-9402-DD6B2026D8EF}.Debug|Any CPU.Build.0 = Debug|Any CPU
		{72BA53A0-6053-4EEF-9402-DD6B2026D8EF}.Release|Any CPU.ActiveCfg = Release|Any CPU
		{72BA53A0-6053-4EEF-9402-DD6B2026D8EF}.Release|Any CPU.Build.0 = Release|Any CPU
		{3E1CA159-2624-4ECF-A27A-55E88A9F281F}.Debug|Any CPU.ActiveCfg = Debug|Any CPU
		{3E1CA159-2624-4ECF-A27A-55E88A9F281F}.Debug|Any CPU.Build.0 = Debug|Any CPU
		{3E1CA159-2624-4ECF-A27A-55E88A9F281F}.Release|Any CPU.ActiveCfg = Release|Any CPU
		{3E1CA159-2624-4ECF-A27A-55E88A9F281F}.Release|Any CPU.Build.0 = Release|Any CPU
		{F9F4FBA2-304F-471E-81F2-63B7029CDEA2}.Debug|Any CPU.ActiveCfg = Debug|Any CPU
		{F9F4FBA2-304F-471E-81F2-63B7029CDEA2}.Debug|Any CPU.Build.0 = Debug|Any CPU
		{F9F4FBA2-304F-471E-81F2-63B7029CDEA2}.Release|Any CPU.ActiveCfg = Release|Any CPU
		{F9F4FBA2-304F-471E-81F2-63B7029CDEA2}.Release|Any CPU.Build.0 = Release|Any CPU
		{EB91EFE9-9695-431A-92E2-EA4C8159DF77}.Debug|Any CPU.ActiveCfg = Debug|Any CPU
		{EB91EFE9-9695-431A-92E2-EA4C8159DF77}.Debug|Any CPU.Build.0 = Debug|Any CPU
		{EB91EFE9-9695-431A-92E2-EA4C8159DF77}.Release|Any CPU.ActiveCfg = Release|Any CPU
		{EB91EFE9-9695-431A-92E2-EA4C8159DF77}.Release|Any CPU.Build.0 = Release|Any CPU
	EndGlobalSection
	GlobalSection(SolutionProperties) = preSolution
		HideSolutionNode = FALSE
	EndGlobalSection
	GlobalSection(ExtensibilityGlobals) = postSolution
		SolutionGuid = {B0E73E81-87B8-4DB6-BCDD-372D99B41CCB}
	EndGlobalSection
EndGlobal
